
Microsoft Visual Studio Solution File, Format Version 12.00
# Visual Studio Version 16
VisualStudioVersion = 16.0.31005.135
MinimumVisualStudioVersion = 10.0.40219.1
Project("{FAE04EC0-301F-11D3-BF4B-00C04F79EFBC}") = "Prototype", "Prototype\Prototype.csproj", "{2BC3C3B6-4434-4E9C-A259-73753110997C}"
EndProject
Project("{FAE04EC0-301F-11D3-BF4B-00C04F79EFBC}") = "Bridge", "Bridge\Bridge.csproj", "{84103CAD-3F0B-45B2-818A-605472CBE75E}"
EndProject
Project("{FAE04EC0-301F-11D3-BF4B-00C04F79EFBC}") = "Strategy", "Strategy\Strategy.csproj", "{3BE552FC-031C-492D-901E-D54F4C55A12A}"
EndProject
Project("{FAE04EC0-301F-11D3-BF4B-00C04F79EFBC}") = "Factory Method", "Factory Method\Factory Method.csproj", "{8FC38179-D66F-4B6C-BA0E-2320FBE90C56}"
EndProject
Project("{FAE04EC0-301F-11D3-BF4B-00C04F79EFBC}") = "Iterator", "Iterator\Iterator.csproj", "{82F86142-4D49-41DA-8DFE-5346E5BDB05F}"
EndProject
Global
	GlobalSection(SolutionConfigurationPlatforms) = preSolution
		Debug|Any CPU = Debug|Any CPU
		Release|Any CPU = Release|Any CPU
	EndGlobalSection
	GlobalSection(ProjectConfigurationPlatforms) = postSolution
		{2BC3C3B6-4434-4E9C-A259-73753110997C}.Debug|Any CPU.ActiveCfg = Debug|Any CPU
		{2BC3C3B6-4434-4E9C-A259-73753110997C}.Debug|Any CPU.Build.0 = Debug|Any CPU
		{2BC3C3B6-4434-4E9C-A259-73753110997C}.Release|Any CPU.ActiveCfg = Release|Any CPU
		{2BC3C3B6-4434-4E9C-A259-73753110997C}.Release|Any CPU.Build.0 = Release|Any CPU
		{84103CAD-3F0B-45B2-818A-605472CBE75E}.Debug|Any CPU.ActiveCfg = Debug|Any CPU
		{84103CAD-3F0B-45B2-818A-605472CBE75E}.Debug|Any CPU.Build.0 = Debug|Any CPU
		{84103CAD-3F0B-45B2-818A-605472CBE75E}.Release|Any CPU.ActiveCfg = Release|Any CPU
		{84103CAD-3F0B-45B2-818A-605472CBE75E}.Release|Any CPU.Build.0 = Release|Any CPU
		{3BE552FC-031C-492D-901E-D54F4C55A12A}.Debug|Any CPU.ActiveCfg = Debug|Any CPU
		{3BE552FC-031C-492D-901E-D54F4C55A12A}.Debug|Any CPU.Build.0 = Debug|Any CPU
		{3BE552FC-031C-492D-901E-D54F4C55A12A}.Release|Any CPU.ActiveCfg = Release|Any CPU
		{3BE552FC-031C-492D-901E-D54F4C55A12A}.Release|Any CPU.Build.0 = Release|Any CPU
		{8FC38179-D66F-4B6C-BA0E-2320FBE90C56}.Debug|Any CPU.ActiveCfg = Debug|Any CPU
		{8FC38179-D66F-4B6C-BA0E-2320FBE90C56}.Debug|Any CPU.Build.0 = Debug|Any CPU
		{8FC38179-D66F-4B6C-BA0E-2320FBE90C56}.Release|Any CPU.ActiveCfg = Release|Any CPU
		{8FC38179-D66F-4B6C-BA0E-2320FBE90C56}.Release|Any CPU.Build.0 = Release|Any CPU
		{82F86142-4D49-41DA-8DFE-5346E5BDB05F}.Debug|Any CPU.ActiveCfg = Debug|Any CPU
		{82F86142-4D49-41DA-8DFE-5346E5BDB05F}.Debug|Any CPU.Build.0 = Debug|Any CPU
		{82F86142-4D49-41DA-8DFE-5346E5BDB05F}.Release|Any CPU.ActiveCfg = Release|Any CPU
		{82F86142-4D49-41DA-8DFE-5346E5BDB05F}.Release|Any CPU.Build.0 = Release|Any CPU
	EndGlobalSection
	GlobalSection(SolutionProperties) = preSolution
		HideSolutionNode = FALSE
	EndGlobalSection
	GlobalSection(ExtensibilityGlobals) = postSolution
		SolutionGuid = {87C70F2F-1A96-4FB9-9892-2AD242462C89}
	EndGlobalSection
EndGlobal
